
Microsoft Visual Studio Solution File, Format Version 12.00
# Visual Studio 15
Project("{FAE04EC0-301F-11D3-BF4B-00C04F79EFBC}") = "SteamVR", "SteamVR.csproj", "{116F4290-7780-C35F-2D35-CAABC3932145}"
EndProject
Project("{FAE04EC0-301F-11D3-BF4B-00C04F79EFBC}") = "SteamVR_Editor", "SteamVR_Editor.csproj", "{55083FF1-E587-E234-E0DE-AED4F8D40088}"
EndProject
Project("{FAE04EC0-301F-11D3-BF4B-00C04F79EFBC}") = "SteamVR_Input_Editor", "SteamVR_Input_Editor.csproj", "{FEC28743-308D-7FCA-F0A0-E64FDC675C8C}"
EndProject
Project("{FAE04EC0-301F-11D3-BF4B-00C04F79EFBC}") = "Assembly-CSharp", "Assembly-CSharp.csproj", "{F0D0C342-3928-18D3-0468-0865DAC0F9D3}"
EndProject
Project("{FAE04EC0-301F-11D3-BF4B-00C04F79EFBC}") = "SteamVR_Windows_EditorHelper", "SteamVR_Windows_EditorHelper.csproj", "{8A2789EB-AC67-7878-0E50-15A895A08A69}"
EndProject
Global
	GlobalSection(SolutionConfigurationPlatforms) = preSolution
		Debug|Any CPU = Debug|Any CPU
		Release|Any CPU = Release|Any CPU
	EndGlobalSection
	GlobalSection(ProjectConfigurationPlatforms) = postSolution
		{116F4290-7780-C35F-2D35-CAABC3932145}.Debug|Any CPU.ActiveCfg = Debug|Any CPU
		{116F4290-7780-C35F-2D35-CAABC3932145}.Debug|Any CPU.Build.0 = Debug|Any CPU
		{116F4290-7780-C35F-2D35-CAABC3932145}.Release|Any CPU.ActiveCfg = Release|Any CPU
		{116F4290-7780-C35F-2D35-CAABC3932145}.Release|Any CPU.Build.0 = Release|Any CPU
		{55083FF1-E587-E234-E0DE-AED4F8D40088}.Debug|Any CPU.ActiveCfg = Debug|Any CPU
		{55083FF1-E587-E234-E0DE-AED4F8D40088}.Debug|Any CPU.Build.0 = Debug|Any CPU
		{55083FF1-E587-E234-E0DE-AED4F8D40088}.Release|Any CPU.ActiveCfg = Release|Any CPU
		{55083FF1-E587-E234-E0DE-AED4F8D40088}.Release|Any CPU.Build.0 = Release|Any CPU
		{FEC28743-308D-7FCA-F0A0-E64FDC675C8C}.Debug|Any CPU.ActiveCfg = Debug|Any CPU
		{FEC28743-308D-7FCA-F0A0-E64FDC675C8C}.Debug|Any CPU.Build.0 = Debug|Any CPU
		{FEC28743-308D-7FCA-F0A0-E64FDC675C8C}.Release|Any CPU.ActiveCfg = Release|Any CPU
		{FEC28743-308D-7FCA-F0A0-E64FDC675C8C}.Release|Any CPU.Build.0 = Release|Any CPU
		{F0D0C342-3928-18D3-0468-0865DAC0F9D3}.Debug|Any CPU.ActiveCfg = Debug|Any CPU
		{F0D0C342-3928-18D3-0468-0865DAC0F9D3}.Debug|Any CPU.Build.0 = Debug|Any CPU
		{F0D0C342-3928-18D3-0468-0865DAC0F9D3}.Release|Any CPU.ActiveCfg = Release|Any CPU
		{F0D0C342-3928-18D3-0468-0865DAC0F9D3}.Release|Any CPU.Build.0 = Release|Any CPU
		{8A2789EB-AC67-7878-0E50-15A895A08A69}.Debug|Any CPU.ActiveCfg = Debug|Any CPU
		{8A2789EB-AC67-7878-0E50-15A895A08A69}.Debug|Any CPU.Build.0 = Debug|Any CPU
		{8A2789EB-AC67-7878-0E50-15A895A08A69}.Release|Any CPU.ActiveCfg = Release|Any CPU
		{8A2789EB-AC67-7878-0E50-15A895A08A69}.Release|Any CPU.Build.0 = Release|Any CPU
	EndGlobalSection
	GlobalSection(SolutionProperties) = preSolution
		HideSolutionNode = FALSE
	EndGlobalSection
EndGlobal
